
Microsoft Visual Studio Solution File, Format Version 12.00
# Visual Studio Version 17
VisualStudioVersion = 17.14.36301.6 d17.14
MinimumVisualStudioVersion = 10.0.40219.1
Project("{FAE04EC0-301F-11D3-BF4B-00C04F79EFBC}") = "Pet_Care", "Pet_Care\Pet_Care.csproj", "{DA17F14A-4B75-4ECF-9FC1-33F5650EF631}"
EndProject
Global
	GlobalSection(SolutionConfigurationPlatforms) = preSolution
		Debug|Any CPU = Debug|Any CPU
		Release|Any CPU = Release|Any CPU
	EndGlobalSection
	GlobalSection(ProjectConfigurationPlatforms) = postSolution
		{DA17F14A-4B75-4ECF-9FC1-33F5650EF631}.Debug|Any CPU.ActiveCfg = Debug|Any CPU
		{DA17F14A-4B75-4ECF-9FC1-33F5650EF631}.Debug|Any CPU.Build.0 = Debug|Any CPU
		{DA17F14A-4B75-4ECF-9FC1-33F5650EF631}.Release|Any CPU.ActiveCfg = Release|Any CPU
		{DA17F14A-4B75-4ECF-9FC1-33F5650EF631}.Release|Any CPU.Build.0 = Release|Any CPU
	EndGlobalSection
	GlobalSection(SolutionProperties) = preSolution
		HideSolutionNode = FALSE
	EndGlobalSection
	GlobalSection(ExtensibilityGlobals) = postSolution
		SolutionGuid = {15049F84-66D4-41AB-957D-CDDF54D5EDEE}
	EndGlobalSection
EndGlobal
